
Microsoft Visual Studio Solution File, Format Version 12.00
# Visual Studio 15
Project("{FAE04EC0-301F-11D3-BF4B-00C04F79EFBC}") = "ManagementApi", "ManagementApi\ManagementApi.csproj", "{AD1F61CE-BD7E-48B0-AD4B-DDF6EF0E33D6}"
EndProject
Project("{FAE04EC0-301F-11D3-BF4B-00C04F79EFBC}") = "UsersApi", "UsersApi\UsersApi.csproj", "{F0D3E23F-B181-4D70-8193-A9008510EDB3}"
EndProject
Project("{FAE04EC0-301F-11D3-BF4B-00C04F79EFBC}") = "Services", "Services\Services.csproj", "{123FD6B1-32F2-4450-A4FF-5119808FFE18}"
EndProject
Project("{FAE04EC0-301F-11D3-BF4B-00C04F79EFBC}") = "DataAccess", "DataAccess\DataAccess.csproj", "{4E6149D3-4323-4848-B24D-FC6B9BA8F804}"
EndProject
Project("{FAE04EC0-301F-11D3-BF4B-00C04F79EFBC}") = "Tests", "Tests\Tests.csproj", "{EECA3642-1E68-46FC-8C79-421829724FA0}"
EndProject
Global
	GlobalSection(SolutionConfigurationPlatforms) = preSolution
		Debug|Any CPU = Debug|Any CPU
		Release|Any CPU = Release|Any CPU
	EndGlobalSection
	GlobalSection(ProjectConfigurationPlatforms) = postSolution
		{AD1F61CE-BD7E-48B0-AD4B-DDF6EF0E33D6}.Debug|Any CPU.ActiveCfg = Debug|Any CPU
		{AD1F61CE-BD7E-48B0-AD4B-DDF6EF0E33D6}.Debug|Any CPU.Build.0 = Debug|Any CPU
		{AD1F61CE-BD7E-48B0-AD4B-DDF6EF0E33D6}.Release|Any CPU.ActiveCfg = Release|Any CPU
		{AD1F61CE-BD7E-48B0-AD4B-DDF6EF0E33D6}.Release|Any CPU.Build.0 = Release|Any CPU
		{F0D3E23F-B181-4D70-8193-A9008510EDB3}.Debug|Any CPU.ActiveCfg = Debug|Any CPU
		{F0D3E23F-B181-4D70-8193-A9008510EDB3}.Debug|Any CPU.Build.0 = Debug|Any CPU
		{F0D3E23F-B181-4D70-8193-A9008510EDB3}.Release|Any CPU.ActiveCfg = Release|Any CPU
		{F0D3E23F-B181-4D70-8193-A9008510EDB3}.Release|Any CPU.Build.0 = Release|Any CPU
		{123FD6B1-32F2-4450-A4FF-5119808FFE18}.Debug|Any CPU.ActiveCfg = Debug|Any CPU
		{123FD6B1-32F2-4450-A4FF-5119808FFE18}.Debug|Any CPU.Build.0 = Debug|Any CPU
		{123FD6B1-32F2-4450-A4FF-5119808FFE18}.Release|Any CPU.ActiveCfg = Release|Any CPU
		{123FD6B1-32F2-4450-A4FF-5119808FFE18}.Release|Any CPU.Build.0 = Release|Any CPU
		{4E6149D3-4323-4848-B24D-FC6B9BA8F804}.Debug|Any CPU.ActiveCfg = Debug|Any CPU
		{4E6149D3-4323-4848-B24D-FC6B9BA8F804}.Debug|Any CPU.Build.0 = Debug|Any CPU
		{4E6149D3-4323-4848-B24D-FC6B9BA8F804}.Release|Any CPU.ActiveCfg = Release|Any CPU
		{4E6149D3-4323-4848-B24D-FC6B9BA8F804}.Release|Any CPU.Build.0 = Release|Any CPU
		{EECA3642-1E68-46FC-8C79-421829724FA0}.Debug|Any CPU.ActiveCfg = Debug|Any CPU
		{EECA3642-1E68-46FC-8C79-421829724FA0}.Debug|Any CPU.Build.0 = Debug|Any CPU
		{EECA3642-1E68-46FC-8C79-421829724FA0}.Release|Any CPU.ActiveCfg = Release|Any CPU
		{EECA3642-1E68-46FC-8C79-421829724FA0}.Release|Any CPU.Build.0 = Release|Any CPU
	EndGlobalSection
EndGlobal
